PODS:
  - Base32 (1.1.2)
  - Crashlytics (3.12.0):
    - Fabric (~> 1.9.0)
  - Fabric (1.9.0)
  - Firebase (4.13.0):
    - Firebase/Core (= 4.13.0)
  - Firebase/Core (4.13.0):
    - FirebaseAnalytics (= 4.2.0)
    - FirebaseCore (= 4.0.20)
  - FirebaseAnalytics (4.2.0):
    - FirebaseCore (~> 4.0)
    - FirebaseInstanceID (~> 2.0)
    - "GoogleToolboxForMac/NSData+zlib (~> 2.1)"
    - nanopb (~> 0.3)
  - FirebaseCore (4.0.20):
    - "GoogleToolboxForMac/NSData+zlib (~> 2.1)"
  - FirebaseInstanceID (2.0.10):
    - FirebaseCore (~> 4.0)
  - GoogleToolboxForMac/Defines (2.2.0)
  - "GoogleToolboxForMac/NSData+zlib (2.2.0)":
    - GoogleToolboxForMac/Defines (= 2.2.0)
  - hpple (0.2.0)
  - Kingfisher (5.3.1)
  - MBProgressHUD (0.9.2)
  - nanopb (0.3.901):
    - nanopb/decode (= 0.3.901)
    - nanopb/encode (= 0.3.901)
  - nanopb/decode (0.3.901)
  - nanopb/encode (0.3.901)
  - OneTimePassword (3.2.0):
    - Base32 (~> 1.1.2)
  - SCLAlertView (0.8)
  - ScrollableGraphView (4.0.6)
  - SimulatorStatusMagic (2.4.1)
  - SwiftSoup (1.7.4)
  - SwiftyJSON (4.3.0)
  - TimelineTableViewCell (1.2)
  - WKZombie (1.1.1):
    - hpple (= 0.2.0)
  - XLPagerTabStrip (9.0.0)
  - ZoomImageView (0.6.0)

DEPENDENCIES:
  - Crashlytics (~> 3.12.0)
  - Fabric (~> 1.9.0)
  - Firebase (~> 4.7)
  - Kingfisher (~> 5.3)
  - MBProgressHUD (~> 0.8)
  - OneTimePassword (~> 3.2)
  - SCLAlertView
  - ScrollableGraphView
  - SimulatorStatusMagic
  - SwiftSoup
  - SwiftyJSON
  - TimelineTableViewCell
  - WKZombie (from `https://github.com/pennlabs/WKZombie.git`, commit `4b47ad348273e8105cdab0c03e9ee094d37574de`)
  - XLPagerTabStrip (~> 9.0)
  - ZoomImageView

SPEC REPOS:
  https://github.com/cocoapods/specs.git:
    - Base32
    - Crashlytics
    - Fabric
    - Firebase
    - FirebaseAnalytics
    - FirebaseCore
    - FirebaseInstanceID
    - GoogleToolboxForMac
    - hpple
    - Kingfisher
    - MBProgressHUD
    - nanopb
    - OneTimePassword
    - SCLAlertView
    - ScrollableGraphView
    - SimulatorStatusMagic
    - SwiftSoup
    - SwiftyJSON
    - TimelineTableViewCell
    - XLPagerTabStrip
    - ZoomImageView

EXTERNAL SOURCES:
  WKZombie:
    :commit: 4b47ad348273e8105cdab0c03e9ee094d37574de
    :git: https://github.com/pennlabs/WKZombie.git

CHECKOUT OPTIONS:
  WKZombie:
    :commit: 4b47ad348273e8105cdab0c03e9ee094d37574de
    :git: https://github.com/pennlabs/WKZombie.git

SPEC CHECKSUMS:
  Base32: 163c298644d184e89ca4e00a996bad6bf5166390
  Crashlytics: 07fb167b1694128c1c9a5a5cc319b0e9c3ca0933
  Fabric: f988e33c97f08930a413e08123064d2e5f68d655
  Firebase: 5ec5e863d269d82d66b4bf56856726f8fb8f0fb3
  FirebaseAnalytics: 7ef69e76a5142f643aeb47c780e1cdce4e23632e
  FirebaseCore: 90cb1c53d69b556f112a1bf72b5fcfaad7650790
  FirebaseInstanceID: 8d20d890d65c917f9f7d9950b6e10a760ad34321
  GoogleToolboxForMac: ff31605b7d66400dcec09bed5861689aebadda4d
  hpple: 3b765f96fc2cd56ad1a49aef6f7be5cb2aa64b57
  Kingfisher: d9e7e0b209b59b8f9873aa2f37654e81a7beea51
  MBProgressHUD: 1569cf7ace17a8bac47aabfbb8580a49690386d1
  nanopb: 2901f78ea1b7b4015c860c2fdd1ea2fee1a18d48
  OneTimePassword: c00ecc908e67e6c5bfda9d50b0b2e4696d0b066e
  SCLAlertView: 6a77bb2edfc65e04dbe57725546cb4107a506b85
  ScrollableGraphView: 4af35d4ea9ecdec665d34a74da51da161ddff8ac
  SimulatorStatusMagic: 28d4a9d1a500ac7cea0b2b5a43c1c6ddb40ba56c
  SwiftSoup: 92f5b348c131aed8af04f4326db1579ab19fa08c
  SwiftyJSON: 6faa0040f8b59dead0ee07436cbf76b73c08fd08
  TimelineTableViewCell: 71a4bc787bfeb5a85083171d18b113a5f5db2be8
  WKZombie: e665c6ba3a4e4c472e554813b5049a4c1cef6251
  XLPagerTabStrip: 61c57fd61f611ee5f01ff1495ad6fbee8bf496c5
  ZoomImageView: 2a88d0c10ad30b9a06c8f5660d51623fb32beed5

PODFILE CHECKSUM: 9273383c1b938af31d9fa7aa4e36bc137905bf5a

COCOAPODS: 1.7.1
