// !$*UTF8*$!
{
	archiveVersion = 1;
	classes = {
	};
	objectVersion = 77;
	objects = {

/* Begin PBXBuildFile section */
		4273BCFF2BD2D8D80070C1B8 /* PrivacyInfo.xcprivacy in Resources */ = {isa = PBXBuildFile; fileRef = 4273BCFE2BD2D8D80070C1B8 /* PrivacyInfo.xcprivacy */; };
		4273BD012BD2D8D80070C1B8 /* PrivacyInfo.xcprivacy in Resources */ = {isa = PBXBuildFile; fileRef = 4273BCFE2BD2D8D80070C1B8 /* PrivacyInfo.xcprivacy */; };
		4273BD022BD2D8D80070C1B8 /* PrivacyInfo.xcprivacy in Resources */ = {isa = PBXBuildFile; fileRef = 4273BCFE2BD2D8D80070C1B8 /* PrivacyInfo.xcprivacy */; };
		42AC0CC52DC7D8A20060DD5E /* ActivityKit.framework in Frameworks */ = {isa = PBXBuildFile; fileRef = 42AC0CC42DC7D8A20060DD5E /* ActivityKit.framework */; settings = {ATTRIBUTES = (Weak, ); }; };
		42AC0CC62DC7D94D0060DD5E /* ActivityKit.framework in Frameworks */ = {isa = PBXBuildFile; fileRef = 42AC0CC42DC7D8A20060DD5E /* ActivityKit.framework */; settings = {ATTRIBUTES = (Weak, ); }; };
		42AC0CC82DC7D9BF0060DD5E /* ActivityKit.framework in Frameworks */ = {isa = PBXBuildFile; fileRef = 42AC0CC72DC7D9BF0060DD5E /* ActivityKit.framework */; settings = {ATTRIBUTES = (Weak, ); }; };
		6C4CC1FA26E6B1720000B4A8 /* SwiftyJSON in Frameworks */ = {isa = PBXBuildFile; productRef = 6C4CC1F926E6B1720000B4A8 /* SwiftyJSON */; };
		6CA1ACDB271D2D5000EDB967 /* Kingfisher in Frameworks */ = {isa = PBXBuildFile; productRef = 6CA1ACDA271D2D5000EDB967 /* Kingfisher */; };
		6CE12F9026E82DC600284D9F /* FirebaseAnalytics in Frameworks */ = {isa = PBXBuildFile; productRef = 6CE12F8F26E82DC600284D9F /* FirebaseAnalytics */; };
		6CE12F9226E82DC600284D9F /* FirebaseCrashlytics in Frameworks */ = {isa = PBXBuildFile; productRef = 6CE12F9126E82DC600284D9F /* FirebaseCrashlytics */; };
		6E167A1C2ACC90A700F3709C /* Kingfisher in Frameworks */ = {isa = PBXBuildFile; productRef = 6E167A1B2ACC90A700F3709C /* Kingfisher */; };
		6E4D821C2AC8C91C009AB78E /* PennMobileShared.framework in Frameworks */ = {isa = PBXBuildFile; fileRef = 6E4D82162AC8C91C009AB78E /* PennMobileShared.framework */; };
		6E4D821D2AC8C91C009AB78E /* PennMobileShared.framework in Embed Frameworks */ = {isa = PBXBuildFile; fileRef = 6E4D82162AC8C91C009AB78E /* PennMobileShared.framework */; settings = {ATTRIBUTES = (CodeSignOnCopy, RemoveHeadersOnCopy, ); }; };
		6E5159F32AC8CA1B004B3F41 /* PennMobileShared.framework in Frameworks */ = {isa = PBXBuildFile; fileRef = 6E4D82162AC8C91C009AB78E /* PennMobileShared.framework */; };
		6E5159F92AC8D88A004B3F41 /* SwiftyJSON in Frameworks */ = {isa = PBXBuildFile; productRef = 6E5159F82AC8D88A004B3F41 /* SwiftyJSON */; };
		6ECB4C2D2ACA6F7600F7379A /* Kingfisher in Frameworks */ = {isa = PBXBuildFile; productRef = 6ECB4C2C2ACA6F7600F7379A /* Kingfisher */; };
		732CE8CF2EB56ED7004903F2 /* LabsPlatformSwift in Frameworks */ = {isa = PBXBuildFile; productRef = 732CE8CE2EB56ED7004903F2 /* LabsPlatformSwift */; };
		734BED9B2D9DE4B700964811 /* PennForms in Frameworks */ = {isa = PBXBuildFile; productRef = 734BED9A2D9DE4B700964811 /* PennForms */; };
		73E7A02C2CF158F3007BC1E3 /* Lottie in Frameworks */ = {isa = PBXBuildFile; productRef = 73E7A02B2CF158F3007BC1E3 /* Lottie */; };
		8932693528FC75A5003D4BF9 /* WidgetKit.framework in Frameworks */ = {isa = PBXBuildFile; fileRef = 8932693428FC75A5003D4BF9 /* WidgetKit.framework */; };
		8932693728FC75A5003D4BF9 /* SwiftUI.framework in Frameworks */ = {isa = PBXBuildFile; fileRef = 8932693628FC75A5003D4BF9 /* SwiftUI.framework */; };
		8932694428FC75A6003D4BF9 /* WidgetExtension.appex in Embed Foundation Extensions */ = {isa = PBXBuildFile; fileRef = 8932693328FC75A5003D4BF9 /* WidgetExtension.appex */; settings = {ATTRIBUTES = (RemoveHeadersOnCopy, ); }; };
		8932694D28FC79FB003D4BF9 /* SwiftyJSON in Frameworks */ = {isa = PBXBuildFile; productRef = 8932694C28FC79FB003D4BF9 /* SwiftyJSON */; };
		895A1AB52CB98E9000E161AE /* XLPagerTabStrip in Frameworks */ = {isa = PBXBuildFile; productRef = 895A1AB42CB98E9000E161AE /* XLPagerTabStrip */; };
		895A1AB82CB98F5000E161AE /* ScrollableGraphView in Frameworks */ = {isa = PBXBuildFile; productRef = 895A1AB72CB98F5000E161AE /* ScrollableGraphView */; };
		895A1ABB2CB98F7100E161AE /* SCLAlertView in Frameworks */ = {isa = PBXBuildFile; productRef = 895A1ABA2CB98F7100E161AE /* SCLAlertView */; };
		89EA262E290F9411008F26CF /* Intents.intentdefinition in Sources */ = {isa = PBXBuildFile; fileRef = 89EA262D290F9411008F26CF /* Intents.intentdefinition */; };
		89EA262F290F958B008F26CF /* Intents.intentdefinition in Sources */ = {isa = PBXBuildFile; fileRef = 89EA262D290F9411008F26CF /* Intents.intentdefinition */; };
		F213CCE223C3EE3E000AD90F /* SwiftSoup in Frameworks */ = {isa = PBXBuildFile; productRef = F213CCE123C3EE3E000AD90F /* SwiftSoup */; };
		F2568A762413534F00561295 /* SnapKit in Frameworks */ = {isa = PBXBuildFile; productRef = F2568A752413534F00561295 /* SnapKit */; };
/* End PBXBuildFile section */

/* Begin PBXContainerItemProxy section */
		6E4D821A2AC8C91C009AB78E /* PBXContainerItemProxy */ = {
			isa = PBXContainerItemProxy;
			containerPortal = 216640581EBADADA00746B8E /* Project object */;
			proxyType = 1;
			remoteGlobalIDString = 6E4D82152AC8C91C009AB78E;
			remoteInfo = PennSharedCode;
		};
		6E5159F52AC8CA1B004B3F41 /* PBXContainerItemProxy */ = {
			isa = PBXContainerItemProxy;
			containerPortal = 216640581EBADADA00746B8E /* Project object */;
			proxyType = 1;
			remoteGlobalIDString = 6E4D82152AC8C91C009AB78E;
			remoteInfo = PennSharedCode;
		};
		8932694228FC75A6003D4BF9 /* PBXContainerItemProxy */ = {
			isa = PBXContainerItemProxy;
			containerPortal = 216640581EBADADA00746B8E /* Project object */;
			proxyType = 1;
			remoteGlobalIDString = 8932693228FC75A5003D4BF9;
			remoteInfo = WidgetExtension;
		};
/* End PBXContainerItemProxy section */

/* Begin PBXCopyFilesBuildPhase section */
		6E4D821E2AC8C91C009AB78E /* Embed Frameworks */ = {
			isa = PBXCopyFilesBuildPhase;
			buildActionMask = 2147483647;
			dstPath = "";
			dstSubfolderSpec = 10;
			files = (
				6E4D821D2AC8C91C009AB78E /* PennMobileShared.framework in Embed Frameworks */,
			);
			name = "Embed Frameworks";
			runOnlyForDeploymentPostprocessing = 0;
		};
		F2568A6E2411F20E00561295 /* Embed Foundation Extensions */ = {
			isa = PBXCopyFilesBuildPhase;
			buildActionMask = 2147483647;
			dstPath = "";
			dstSubfolderSpec = 13;
			files = (
				8932694428FC75A6003D4BF9 /* WidgetExtension.appex in Embed Foundation Extensions */,
			);
			name = "Embed Foundation Extensions";
			runOnlyForDeploymentPostprocessing = 0;
		};
/* End PBXCopyFilesBuildPhase section */

/* Begin PBXFileReference section */
		216640601EBADADA00746B8E /* PennMobile.app */ = {isa = PBXFileReference; explicitFileType = wrapper.application; includeInIndex = 0; path = PennMobile.app; sourceTree = BUILT_PRODUCTS_DIR; };
		42632DEF2CB9C77B0028CC31 /* keyword.strings */ = {isa = PBXFileReference; lastKnownFileType = text.plist.strings; path = keyword.strings; sourceTree = "<group>"; };
		42632DF02CB9C77B0028CC31 /* title.strings */ = {isa = PBXFileReference; lastKnownFileType = text.plist.strings; path = title.strings; sourceTree = "<group>"; };
		42632DF22CB9C77B0028CC31 /* AvenirNextLTPro-Bold.otf */ = {isa = PBXFileReference; lastKnownFileType = file; path = "AvenirNextLTPro-Bold.otf"; sourceTree = "<group>"; };
		42632DF32CB9C77B0028CC31 /* AvenirNextLTPro-Regular.otf */ = {isa = PBXFileReference; lastKnownFileType = file; path = "AvenirNextLTPro-Regular.otf"; sourceTree = "<group>"; };
		42632DF52CB9C77B0028CC31 /* background.jpg */ = {isa = PBXFileReference; lastKnownFileType = image.jpeg; path = background.jpg; sourceTree = "<group>"; };
		42632DF62CB9C77B0028CC31 /* Framefile.json */ = {isa = PBXFileReference; lastKnownFileType = text.json; path = Framefile.json; sourceTree = "<group>"; };
		42632DF72CB9C77B0028CC31 /* screenshots.html */ = {isa = PBXFileReference; lastKnownFileType = text.html; path = screenshots.html; sourceTree = "<group>"; };
		42632DF92CB9C77B0028CC31 /* Appfile */ = {isa = PBXFileReference; lastKnownFileType = text; path = Appfile; sourceTree = "<group>"; };
		42632DFA2CB9C77B0028CC31 /* Fastfile */ = {isa = PBXFileReference; lastKnownFileType = text; path = Fastfile; sourceTree = "<group>"; };
		42632DFB2CB9C77B0028CC31 /* README.md */ = {isa = PBXFileReference; lastKnownFileType = net.daringfireball.markdown; path = README.md; sourceTree = "<group>"; };
		4273BCFE2BD2D8D80070C1B8 /* PrivacyInfo.xcprivacy */ = {isa = PBXFileReference; lastKnownFileType = text.xml; path = PrivacyInfo.xcprivacy; sourceTree = SOURCE_ROOT; };
		42AC0CC42DC7D8A20060DD5E /* ActivityKit.framework */ = {isa = PBXFileReference; lastKnownFileType = wrapper.framework; name = ActivityKit.framework; path = System/Library/Frameworks/ActivityKit.framework; sourceTree = SDKROOT; };
		42AC0CC72DC7D9BF0060DD5E /* ActivityKit.framework */ = {isa = PBXFileReference; lastKnownFileType = wrapper.framework; name = ActivityKit.framework; path = Platforms/MacOSX.platform/Developer/SDKs/MacOSX15.2.sdk/System/iOSSupport/System/Library/Frameworks/ActivityKit.framework; sourceTree = DEVELOPER_DIR; };
		6C1991BC27B5CA4D00BBB402 /* NotificationDevelopment.xcconfig */ = {isa = PBXFileReference; lastKnownFileType = text.xcconfig; path = NotificationDevelopment.xcconfig; sourceTree = "<group>"; };
		6C1991BD27B5CA8500BBB402 /* NotificationRelease.xcconfig */ = {isa = PBXFileReference; lastKnownFileType = text.xcconfig; path = NotificationRelease.xcconfig; sourceTree = "<group>"; };
		6C392E3827B5BE1C0097640B /* Release.xcconfig */ = {isa = PBXFileReference; lastKnownFileType = text.xcconfig; path = Release.xcconfig; sourceTree = "<group>"; };
		6CDC501127B5BCC700698235 /* Development.xcconfig */ = {isa = PBXFileReference; lastKnownFileType = text.xcconfig; path = Development.xcconfig; sourceTree = "<group>"; };
		6E4D82162AC8C91C009AB78E /* PennMobileShared.framework */ = {isa = PBXFileReference; explicitFileType = wrapper.framework; includeInIndex = 0; path = PennMobileShared.framework; sourceTree = BUILT_PRODUCTS_DIR; };
		8932693328FC75A5003D4BF9 /* WidgetExtension.appex */ = {isa = PBXFileReference; explicitFileType = "wrapper.app-extension"; includeInIndex = 0; path = WidgetExtension.appex; sourceTree = BUILT_PRODUCTS_DIR; };
		8932693428FC75A5003D4BF9 /* WidgetKit.framework */ = {isa = PBXFileReference; lastKnownFileType = wrapper.framework; name = WidgetKit.framework; path = System/Library/Frameworks/WidgetKit.framework; sourceTree = SDKROOT; };
		8932693628FC75A5003D4BF9 /* SwiftUI.framework */ = {isa = PBXFileReference; lastKnownFileType = wrapper.framework; name = SwiftUI.framework; path = System/Library/Frameworks/SwiftUI.framework; sourceTree = SDKROOT; };
		89EA262D290F9411008F26CF /* Intents.intentdefinition */ = {isa = PBXFileReference; lastKnownFileType = file.intentdefinition; path = Intents.intentdefinition; sourceTree = "<group>"; };
/* End PBXFileReference section */

/* Begin PBXFileSystemSynchronizedBuildFileExceptionSet section */
		89FEACA52E88F350008EC67C /* Exceptions for "PennMobileShared" folder in "PennMobileShared" target */ = {
			isa = PBXFileSystemSynchronizedBuildFileExceptionSet;
			publicHeaders = (
				PennMobileShared.h,
			);
			target = 6E4D82152AC8C91C009AB78E /* PennMobileShared */;
		};
		89FEAF3A2E88F399008EC67C /* Exceptions for "PennMobile" folder in "PennMobile" target */ = {
			isa = PBXFileSystemSynchronizedBuildFileExceptionSet;
			membershipExceptions = (
				Supporting_Files/Info.plist,
			);
			target = 2166405F1EBADADA00746B8E /* PennMobile */;
		};
		89FEAF632E88F3A5008EC67C /* Exceptions for "Widget" folder in "WidgetExtension" target */ = {
			isa = PBXFileSystemSynchronizedBuildFileExceptionSet;
			membershipExceptions = (
				Info.plist,
			);
			target = 8932693228FC75A5003D4BF9 /* WidgetExtension */;
		};
/* End PBXFileSystemSynchronizedBuildFileExceptionSet section */

/* Begin PBXFileSystemSynchronizedRootGroup section */
		89FEAC852E88F350008EC67C /* PennMobileShared */ = {
			isa = PBXFileSystemSynchronizedRootGroup;
			exceptions = (
				89FEACA52E88F350008EC67C /* Exceptions for "PennMobileShared" folder in "PennMobileShared" target */,
			);
			path = PennMobileShared;
			sourceTree = "<group>";
		};
		89FEAE182E88F399008EC67C /* PennMobile */ = {
			isa = PBXFileSystemSynchronizedRootGroup;
			exceptions = (
				89FEAF3A2E88F399008EC67C /* Exceptions for "PennMobile" folder in "PennMobile" target */,
			);
			path = PennMobile;
			sourceTree = "<group>";
		};
		89FEAF532E88F3A5008EC67C /* Widget */ = {
			isa = PBXFileSystemSynchronizedRootGroup;
			exceptions = (
				89FEAF632E88F3A5008EC67C /* Exceptions for "Widget" folder in "WidgetExtension" target */,
			);
			path = Widget;
			sourceTree = "<group>";
		};
/* End PBXFileSystemSynchronizedRootGroup section */

/* Begin PBXFrameworksBuildPhase section */
		2166405D1EBADADA00746B8E /* Frameworks */ = {
			isa = PBXFrameworksBuildPhase;
			buildActionMask = 2147483647;
			files = (
				732CE8CF2EB56ED7004903F2 /* LabsPlatformSwift in Frameworks */,
				42AC0CC52DC7D8A20060DD5E /* ActivityKit.framework in Frameworks */,
				42AC0CC52DC7D8A20060DD5E /* ActivityKit.framework in Frameworks */,
				6CE12F9026E82DC600284D9F /* FirebaseAnalytics in Frameworks */,
				F2568A762413534F00561295 /* SnapKit in Frameworks */,
				734BED9B2D9DE4B700964811 /* PennForms in Frameworks */,
				734BED9B2D9DE4B700964811 /* PennForms in Frameworks */,
				6CA1ACDB271D2D5000EDB967 /* Kingfisher in Frameworks */,
				6C4CC1FA26E6B1720000B4A8 /* SwiftyJSON in Frameworks */,
				6CE12F9226E82DC600284D9F /* FirebaseCrashlytics in Frameworks */,
				895A1ABB2CB98F7100E161AE /* SCLAlertView in Frameworks */,
				F213CCE223C3EE3E000AD90F /* SwiftSoup in Frameworks */,
				6E4D821C2AC8C91C009AB78E /* PennMobileShared.framework in Frameworks */,
				895A1AB52CB98E9000E161AE /* XLPagerTabStrip in Frameworks */,
				895A1AB82CB98F5000E161AE /* ScrollableGraphView in Frameworks */,
				73E7A02C2CF158F3007BC1E3 /* Lottie in Frameworks */,
				73E7A02C2CF158F3007BC1E3 /* Lottie in Frameworks */,
			);
			runOnlyForDeploymentPostprocessing = 0;
		};
		6E4D82132AC8C91C009AB78E /* Frameworks */ = {
			isa = PBXFrameworksBuildPhase;
			buildActionMask = 2147483647;
			files = (
				42AC0CC82DC7D9BF0060DD5E /* ActivityKit.framework in Frameworks */,
				42AC0CC82DC7D9BF0060DD5E /* ActivityKit.framework in Frameworks */,
				6ECB4C2D2ACA6F7600F7379A /* Kingfisher in Frameworks */,
				6E5159F92AC8D88A004B3F41 /* SwiftyJSON in Frameworks */,
			);
			runOnlyForDeploymentPostprocessing = 0;
		};
		8932693028FC75A5003D4BF9 /* Frameworks */ = {
			isa = PBXFrameworksBuildPhase;
			buildActionMask = 2147483647;
			files = (
				42AC0CC62DC7D94D0060DD5E /* ActivityKit.framework in Frameworks */,
				42AC0CC62DC7D94D0060DD5E /* ActivityKit.framework in Frameworks */,
				8932694D28FC79FB003D4BF9 /* SwiftyJSON in Frameworks */,
				8932693728FC75A5003D4BF9 /* SwiftUI.framework in Frameworks */,
				8932693528FC75A5003D4BF9 /* WidgetKit.framework in Frameworks */,
				6E5159F32AC8CA1B004B3F41 /* PennMobileShared.framework in Frameworks */,
				6E167A1C2ACC90A700F3709C /* Kingfisher in Frameworks */,
			);
			runOnlyForDeploymentPostprocessing = 0;
		};
/* End PBXFrameworksBuildPhase section */

/* Begin PBXGroup section */
		216640571EBADADA00746B8E = {
			isa = PBXGroup;
			children = (
				6C392E3727B5BDF20097640B /* Config */,
				89FEAC852E88F350008EC67C /* PennMobileShared */,
				89FEAE182E88F399008EC67C /* PennMobile */,
				89FEAF532E88F3A5008EC67C /* Widget */,
				89EA262D290F9411008F26CF /* Intents.intentdefinition */,
				4273BCFE2BD2D8D80070C1B8 /* PrivacyInfo.xcprivacy */,
				42632DFC2CB9C77B0028CC31 /* fastlane */,
				216640611EBADADA00746B8E /* Products */,
				6D2C4E8629C0A2D81734AD99 /* Frameworks */,
			);
			sourceTree = "<group>";
		};
		216640611EBADADA00746B8E /* Products */ = {
			isa = PBXGroup;
			children = (
				216640601EBADADA00746B8E /* PennMobile.app */,
				8932693328FC75A5003D4BF9 /* WidgetExtension.appex */,
				6E4D82162AC8C91C009AB78E /* PennMobileShared.framework */,
			);
			name = Products;
			sourceTree = "<group>";
		};
		42632DF12CB9C77B0028CC31 /* en-US */ = {
			isa = PBXGroup;
			children = (
				42632DEF2CB9C77B0028CC31 /* keyword.strings */,
				42632DF02CB9C77B0028CC31 /* title.strings */,
			);
			path = "en-US";
			sourceTree = "<group>";
		};
		42632DF42CB9C77B0028CC31 /* fonts */ = {
			isa = PBXGroup;
			children = (
				42632DF22CB9C77B0028CC31 /* AvenirNextLTPro-Bold.otf */,
				42632DF32CB9C77B0028CC31 /* AvenirNextLTPro-Regular.otf */,
			);
			path = fonts;
			sourceTree = "<group>";
		};
		42632DF82CB9C77B0028CC31 /* screenshots */ = {
			isa = PBXGroup;
			children = (
				42632DF12CB9C77B0028CC31 /* en-US */,
				42632DF42CB9C77B0028CC31 /* fonts */,
				42632DF52CB9C77B0028CC31 /* background.jpg */,
				42632DF62CB9C77B0028CC31 /* Framefile.json */,
				42632DF72CB9C77B0028CC31 /* screenshots.html */,
			);
			path = screenshots;
			sourceTree = "<group>";
		};
		42632DFC2CB9C77B0028CC31 /* fastlane */ = {
			isa = PBXGroup;
			children = (
				42632DF82CB9C77B0028CC31 /* screenshots */,
				42632DF92CB9C77B0028CC31 /* Appfile */,
				42632DFA2CB9C77B0028CC31 /* Fastfile */,
				42632DFB2CB9C77B0028CC31 /* README.md */,
			);
			path = fastlane;
			sourceTree = SOURCE_ROOT;
		};
		6C392E3727B5BDF20097640B /* Config */ = {
			isa = PBXGroup;
			children = (
				6CDC501127B5BCC700698235 /* Development.xcconfig */,
				6C392E3827B5BE1C0097640B /* Release.xcconfig */,
				6C1991BC27B5CA4D00BBB402 /* NotificationDevelopment.xcconfig */,
				6C1991BD27B5CA8500BBB402 /* NotificationRelease.xcconfig */,
			);
			path = Config;
			sourceTree = "<group>";
		};
		6D2C4E8629C0A2D81734AD99 /* Frameworks */ = {
			isa = PBXGroup;
			children = (
				42AC0CC42DC7D8A20060DD5E /* ActivityKit.framework */,
				42AC0CC72DC7D9BF0060DD5E /* ActivityKit.framework */,
				8932693428FC75A5003D4BF9 /* WidgetKit.framework */,
				8932693628FC75A5003D4BF9 /* SwiftUI.framework */,
			);
			name = Frameworks;
			sourceTree = "<group>";
		};
/* End PBXGroup section */

/* Begin PBXHeadersBuildPhase section */
		6E4D82112AC8C91C009AB78E /* Headers */ = {
			isa = PBXHeadersBuildPhase;
			buildActionMask = 2147483647;
			files = (
			);
			runOnlyForDeploymentPostprocessing = 0;
		};
/* End PBXHeadersBuildPhase section */

/* Begin PBXNativeTarget section */
		2166405F1EBADADA00746B8E /* PennMobile */ = {
			isa = PBXNativeTarget;
			buildConfigurationList = 2166407D1EBADADA00746B8E /* Build configuration list for PBXNativeTarget "PennMobile" */;
			buildPhases = (
				2166405C1EBADADA00746B8E /* Sources */,
				2166405D1EBADADA00746B8E /* Frameworks */,
				2166405E1EBADADA00746B8E /* Resources */,
				6E4D821E2AC8C91C009AB78E /* Embed Frameworks */,
				6CE12F9326E82DED00284D9F /* ShellScript */,
				F2568A6E2411F20E00561295 /* Embed Foundation Extensions */,
			);
			buildRules = (
			);
			dependencies = (
				8932694328FC75A6003D4BF9 /* PBXTargetDependency */,
				6E4D821B2AC8C91C009AB78E /* PBXTargetDependency */,
			);
			fileSystemSynchronizedGroups = (
				89FEAE182E88F399008EC67C /* PennMobile */,
			);
			name = PennMobile;
			packageProductDependencies = (
				F213CCE123C3EE3E000AD90F /* SwiftSoup */,
				F2568A752413534F00561295 /* SnapKit */,
				6C4CC1F926E6B1720000B4A8 /* SwiftyJSON */,
				6CE12F8F26E82DC600284D9F /* FirebaseAnalytics */,
				6CE12F9126E82DC600284D9F /* FirebaseCrashlytics */,
				6CA1ACDA271D2D5000EDB967 /* Kingfisher */,
				895A1AB42CB98E9000E161AE /* XLPagerTabStrip */,
				895A1AB72CB98F5000E161AE /* ScrollableGraphView */,
				895A1ABA2CB98F7100E161AE /* SCLAlertView */,
				73E7A02B2CF158F3007BC1E3 /* Lottie */,
				734BED9A2D9DE4B700964811 /* PennForms */,
				73E7A02B2CF158F3007BC1E3 /* Lottie */,
				734BED9A2D9DE4B700964811 /* PennForms */,
				732CE8CE2EB56ED7004903F2 /* LabsPlatformSwift */,
			);
			productName = PennMobile;
			productReference = 216640601EBADADA00746B8E /* PennMobile.app */;
			productType = "com.apple.product-type.application";
		};
		6E4D82152AC8C91C009AB78E /* PennMobileShared */ = {
			isa = PBXNativeTarget;
			buildConfigurationList = 6E4D82212AC8C91C009AB78E /* Build configuration list for PBXNativeTarget "PennMobileShared" */;
			buildPhases = (
				6E4D82112AC8C91C009AB78E /* Headers */,
				6E4D82122AC8C91C009AB78E /* Sources */,
				6E4D82132AC8C91C009AB78E /* Frameworks */,
				6E4D82142AC8C91C009AB78E /* Resources */,
			);
			buildRules = (
			);
			dependencies = (
			);
			fileSystemSynchronizedGroups = (
				89FEAC852E88F350008EC67C /* PennMobileShared */,
			);
			name = PennMobileShared;
			packageProductDependencies = (
				6E5159F82AC8D88A004B3F41 /* SwiftyJSON */,
				6ECB4C2C2ACA6F7600F7379A /* Kingfisher */,
			);
			productName = PennSharedCode;
			productReference = 6E4D82162AC8C91C009AB78E /* PennMobileShared.framework */;
			productType = "com.apple.product-type.framework";
		};
		8932693228FC75A5003D4BF9 /* WidgetExtension */ = {
			isa = PBXNativeTarget;
			buildConfigurationList = 8932694728FC75A6003D4BF9 /* Build configuration list for PBXNativeTarget "WidgetExtension" */;
			buildPhases = (
				8932692F28FC75A5003D4BF9 /* Sources */,
				8932693028FC75A5003D4BF9 /* Frameworks */,
				8932693128FC75A5003D4BF9 /* Resources */,
			);
			buildRules = (
			);
			dependencies = (
				6E5159F62AC8CA1B004B3F41 /* PBXTargetDependency */,
			);
			fileSystemSynchronizedGroups = (
				89FEAF532E88F3A5008EC67C /* Widget */,
			);
			name = WidgetExtension;
			packageProductDependencies = (
				8932694C28FC79FB003D4BF9 /* SwiftyJSON */,
				6E167A1B2ACC90A700F3709C /* Kingfisher */,
			);
			productName = WidgetExtension;
			productReference = 8932693328FC75A5003D4BF9 /* WidgetExtension.appex */;
			productType = "com.apple.product-type.app-extension";
		};
/* End PBXNativeTarget section */

/* Begin PBXProject section */
		216640581EBADADA00746B8E /* Project object */ = {
			isa = PBXProject;
			attributes = {
				BuildIndependentTargetsInParallel = YES;
				LastSwiftUpdateCheck = 1410;
				LastUpgradeCheck = 1620;
				ORGANIZATIONNAME = PennLabs;
				TargetAttributes = {
					2166405F1EBADADA00746B8E = {
						CreatedOnToolsVersion = 8.3.2;
						LastSwiftMigration = 1250;
						SystemCapabilities = {
							com.apple.Keychain = {
								enabled = 1;
							};
							com.apple.Push = {
								enabled = 1;
							};
						};
					};
					6E4D82152AC8C91C009AB78E = {
						CreatedOnToolsVersion = 15.0;
						LastSwiftMigration = 1500;
					};
					8932693228FC75A5003D4BF9 = {
						CreatedOnToolsVersion = 14.1;
					};
				};
			};
			buildConfigurationList = 2166405B1EBADADA00746B8E /* Build configuration list for PBXProject "PennMobile" */;
			developmentRegion = en;
			hasScannedForEncodings = 0;
			knownRegions = (
				en,
				Base,
			);
			mainGroup = 216640571EBADADA00746B8E;
			packageReferences = (
				F213CCE023C3EE3E000AD90F /* XCRemoteSwiftPackageReference "SwiftSoup" */,
				F213CCE323C3F240000AD90F /* XCRemoteSwiftPackageReference "Kingfisher" */,
				F2568A742413534F00561295 /* XCRemoteSwiftPackageReference "SnapKit" */,
				6C4CC1F826E6B1720000B4A8 /* XCRemoteSwiftPackageReference "SwiftyJSON" */,
				6CE12F8E26E82DC600284D9F /* XCRemoteSwiftPackageReference "firebase-ios-sdk" */,
				895A1AB32CB98E9000E161AE /* XCRemoteSwiftPackageReference "XLPagerTabStrip" */,
				895A1AB62CB98F5000E161AE /* XCRemoteSwiftPackageReference "ScrollableGraphView" */,
				895A1AB92CB98F7100E161AE /* XCRemoteSwiftPackageReference "SCLAlertView-Swift" */,
				73E7A02A2CF158F3007BC1E3 /* XCRemoteSwiftPackageReference "lottie-ios" */,
				734BED992D9DE4B700964811 /* XCRemoteSwiftPackageReference "PennForms" */,
				73E7A02A2CF158F3007BC1E3 /* XCRemoteSwiftPackageReference "lottie-ios" */,
				734BED992D9DE4B700964811 /* XCRemoteSwiftPackageReference "PennForms" */,
				732CE8CD2EB56ED7004903F2 /* XCRemoteSwiftPackageReference "labs-platform-swift" */,
			);
			preferredProjectObjectVersion = 77;
			productRefGroup = 216640611EBADADA00746B8E /* Products */;
			projectDirPath = "";
			projectRoot = "";
			targets = (
				2166405F1EBADADA00746B8E /* PennMobile */,
				8932693228FC75A5003D4BF9 /* WidgetExtension */,
				6E4D82152AC8C91C009AB78E /* PennMobileShared */,
			);
		};
/* End PBXProject section */

/* Begin PBXResourcesBuildPhase section */
		2166405E1EBADADA00746B8E /* Resources */ = {
			isa = PBXResourcesBuildPhase;
			buildActionMask = 2147483647;
			files = (
				4273BCFF2BD2D8D80070C1B8 /* PrivacyInfo.xcprivacy in Resources */,
			);
			runOnlyForDeploymentPostprocessing = 0;
		};
		6E4D82142AC8C91C009AB78E /* Resources */ = {
			isa = PBXResourcesBuildPhase;
			buildActionMask = 2147483647;
			files = (
				4273BD022BD2D8D80070C1B8 /* PrivacyInfo.xcprivacy in Resources */,
			);
			runOnlyForDeploymentPostprocessing = 0;
		};
		8932693128FC75A5003D4BF9 /* Resources */ = {
			isa = PBXResourcesBuildPhase;
			buildActionMask = 2147483647;
			files = (
				4273BD012BD2D8D80070C1B8 /* PrivacyInfo.xcprivacy in Resources */,
			);
			runOnlyForDeploymentPostprocessing = 0;
		};
/* End PBXResourcesBuildPhase section */

/* Begin PBXShellScriptBuildPhase section */
		6CE12F9326E82DED00284D9F /* ShellScript */ = {
			isa = PBXShellScriptBuildPhase;
			alwaysOutOfDate = 1;
			buildActionMask = 2147483647;
			files = (
			);
			inputFileListPaths = (
			);
			inputPaths = (
			);
			outputFileListPaths = (
			);
			outputPaths = (
			);
			runOnlyForDeploymentPostprocessing = 0;
			shellPath = /bin/sh;
			shellScript = "# Type a script or drag a script file from your workspace to insert its path.\n\"${BUILD_DIR%Build/*}/SourcePackages/checkouts/firebase-ios-sdk/Crashlytics/run\"\n";
		};
/* End PBXShellScriptBuildPhase section */

/* Begin PBXSourcesBuildPhase section */
		2166405C1EBADADA00746B8E /* Sources */ = {
			isa = PBXSourcesBuildPhase;
			buildActionMask = 2147483647;
			files = (
				89EA262E290F9411008F26CF /* Intents.intentdefinition in Sources */,
			);
			runOnlyForDeploymentPostprocessing = 0;
		};
		6E4D82122AC8C91C009AB78E /* Sources */ = {
			isa = PBXSourcesBuildPhase;
			buildActionMask = 2147483647;
			files = (
			);
			runOnlyForDeploymentPostprocessing = 0;
		};
		8932692F28FC75A5003D4BF9 /* Sources */ = {
			isa = PBXSourcesBuildPhase;
			buildActionMask = 2147483647;
			files = (
				89EA262F290F958B008F26CF /* Intents.intentdefinition in Sources */,
			);
			runOnlyForDeploymentPostprocessing = 0;
		};
/* End PBXSourcesBuildPhase section */

/* Begin PBXTargetDependency section */
		6E4D821B2AC8C91C009AB78E /* PBXTargetDependency */ = {
			isa = PBXTargetDependency;
			target = 6E4D82152AC8C91C009AB78E /* PennMobileShared */;
			targetProxy = 6E4D821A2AC8C91C009AB78E /* PBXContainerItemProxy */;
		};
		6E5159F62AC8CA1B004B3F41 /* PBXTargetDependency */ = {
			isa = PBXTargetDependency;
			target = 6E4D82152AC8C91C009AB78E /* PennMobileShared */;
			targetProxy = 6E5159F52AC8CA1B004B3F41 /* PBXContainerItemProxy */;
		};
		8932694328FC75A6003D4BF9 /* PBXTargetDependency */ = {
			isa = PBXTargetDependency;
			target = 8932693228FC75A5003D4BF9 /* WidgetExtension */;
			targetProxy = 8932694228FC75A6003D4BF9 /* PBXContainerItemProxy */;
		};
/* End PBXTargetDependency section */

/* Begin XCBuildConfiguration section */
		2166407B1EBADADA00746B8E /* Debug */ = {
			isa = XCBuildConfiguration;
			buildSettings = {
				ALWAYS_SEARCH_USER_PATHS = NO;
				ASSETCATALOG_COMPILER_GENERATE_SWIFT_ASSET_SYMBOL_EXTENSIONS = YES;
				CF_BUNDLE_SHORT_VERSION_STRING = 8.9.0;
				CLANG_ANALYZER_LOCALIZABILITY_NONLOCALIZED = YES;
				CLANG_ANALYZER_NONNULL = YES;
				CLANG_ANALYZER_NUMBER_OBJECT_CONVERSION = YES_AGGRESSIVE;
				CLANG_CXX_LANGUAGE_STANDARD = "gnu++0x";
				CLANG_CXX_LIBRARY = "libc++";
				CLANG_ENABLE_MODULES = YES;
				CLANG_ENABLE_OBJC_ARC = YES;
				CLANG_WARN_BLOCK_CAPTURE_AUTORELEASING = YES;
				CLANG_WARN_BOOL_CONVERSION = YES;
				CLANG_WARN_COMMA = YES;
				CLANG_WARN_CONSTANT_CONVERSION = YES;
				CLANG_WARN_DEPRECATED_OBJC_IMPLEMENTATIONS = YES;
				CLANG_WARN_DIRECT_OBJC_ISA_USAGE = YES_ERROR;
				CLANG_WARN_DOCUMENTATION_COMMENTS = YES;
				CLANG_WARN_EMPTY_BODY = YES;
				CLANG_WARN_ENUM_CONVERSION = YES;
				CLANG_WARN_INFINITE_RECURSION = YES;
				CLANG_WARN_INT_CONVERSION = YES;
				CLANG_WARN_NON_LITERAL_NULL_CONVERSION = YES;
				CLANG_WARN_OBJC_IMPLICIT_RETAIN_SELF = YES;
				CLANG_WARN_OBJC_LITERAL_CONVERSION = YES;
				CLANG_WARN_OBJC_ROOT_CLASS = YES_ERROR;
				CLANG_WARN_QUOTED_INCLUDE_IN_FRAMEWORK_HEADER = YES;
				CLANG_WARN_RANGE_LOOP_ANALYSIS = YES;
				CLANG_WARN_STRICT_PROTOTYPES = YES;
				CLANG_WARN_SUSPICIOUS_MOVE = YES;
				CLANG_WARN_UNREACHABLE_CODE = YES;
				CLANG_WARN__DUPLICATE_METHOD_MATCH = YES;
				"CODE_SIGN_IDENTITY[sdk=iphoneos*]" = "iPhone Developer";
				COPY_PHASE_STRIP = NO;
				CURRENT_PROJECT_VERSION = "$(CF_BUNDLE_LONG_VERSION_STRING)";
				DEBUG_INFORMATION_FORMAT = dwarf;
				ENABLE_STRICT_OBJC_MSGSEND = YES;
				ENABLE_TESTABILITY = YES;
				GCC_C_LANGUAGE_STANDARD = gnu99;
				GCC_DYNAMIC_NO_PIC = NO;
				GCC_NO_COMMON_BLOCKS = YES;
				GCC_OPTIMIZATION_LEVEL = 0;
				GCC_PREPROCESSOR_DEFINITIONS = (
					"DEBUG=1",
					"$(inherited)",
				);
				GCC_WARN_64_TO_32_BIT_CONVERSION = YES;
				GCC_WARN_ABOUT_RETURN_TYPE = YES_ERROR;
				GCC_WARN_UNDECLARED_SELECTOR = YES;
				GCC_WARN_UNINITIALIZED_AUTOS = YES_AGGRESSIVE;
				GCC_WARN_UNUSED_FUNCTION = YES;
				GCC_WARN_UNUSED_VARIABLE = YES;
				IPHONEOS_DEPLOYMENT_TARGET = 17.6;
				MTL_ENABLE_DEBUG_INFO = YES;
				ONLY_ACTIVE_ARCH = YES;
				SDKROOT = iphoneos;
				SWIFT_ACTIVE_COMPILATION_CONDITIONS = DEBUG;
				SWIFT_OPTIMIZATION_LEVEL = "-Onone";
			};
			name = Debug;
		};
		2166407C1EBADADA00746B8E /* Release */ = {
			isa = XCBuildConfiguration;
			buildSettings = {
				ALWAYS_SEARCH_USER_PATHS = NO;
				ASSETCATALOG_COMPILER_GENERATE_SWIFT_ASSET_SYMBOL_EXTENSIONS = YES;
				CF_BUNDLE_SHORT_VERSION_STRING = 8.9.0;
				CLANG_ANALYZER_LOCALIZABILITY_NONLOCALIZED = YES;
				CLANG_ANALYZER_NONNULL = YES;
				CLANG_ANALYZER_NUMBER_OBJECT_CONVERSION = YES_AGGRESSIVE;
				CLANG_CXX_LANGUAGE_STANDARD = "gnu++0x";
				CLANG_CXX_LIBRARY = "libc++";
				CLANG_ENABLE_MODULES = YES;
				CLANG_ENABLE_OBJC_ARC = YES;
				CLANG_WARN_BLOCK_CAPTURE_AUTORELEASING = YES;
				CLANG_WARN_BOOL_CONVERSION = YES;
				CLANG_WARN_COMMA = YES;
				CLANG_WARN_CONSTANT_CONVERSION = YES;
				CLANG_WARN_DEPRECATED_OBJC_IMPLEMENTATIONS = YES;
				CLANG_WARN_DIRECT_OBJC_ISA_USAGE = YES_ERROR;
				CLANG_WARN_DOCUMENTATION_COMMENTS = YES;
				CLANG_WARN_EMPTY_BODY = YES;
				CLANG_WARN_ENUM_CONVERSION = YES;
				CLANG_WARN_INFINITE_RECURSION = YES;
				CLANG_WARN_INT_CONVERSION = YES;
				CLANG_WARN_NON_LITERAL_NULL_CONVERSION = YES;
				CLANG_WARN_OBJC_IMPLICIT_RETAIN_SELF = YES;
				CLANG_WARN_OBJC_LITERAL_CONVERSION = YES;
				CLANG_WARN_OBJC_ROOT_CLASS = YES_ERROR;
				CLANG_WARN_QUOTED_INCLUDE_IN_FRAMEWORK_HEADER = YES;
				CLANG_WARN_RANGE_LOOP_ANALYSIS = YES;
				CLANG_WARN_STRICT_PROTOTYPES = YES;
				CLANG_WARN_SUSPICIOUS_MOVE = YES;
				CLANG_WARN_UNREACHABLE_CODE = YES;
				CLANG_WARN__DUPLICATE_METHOD_MATCH = YES;
				"CODE_SIGN_IDENTITY[sdk=iphoneos*]" = "iPhone Developer";
				COPY_PHASE_STRIP = NO;
				CURRENT_PROJECT_VERSION = "$(CF_BUNDLE_LONG_VERSION_STRING)";
				DEBUG_INFORMATION_FORMAT = "dwarf-with-dsym";
				ENABLE_NS_ASSERTIONS = NO;
				ENABLE_STRICT_OBJC_MSGSEND = YES;
				GCC_C_LANGUAGE_STANDARD = gnu99;
				GCC_NO_COMMON_BLOCKS = YES;
				GCC_WARN_64_TO_32_BIT_CONVERSION = YES;
				GCC_WARN_ABOUT_RETURN_TYPE = YES_ERROR;
				GCC_WARN_UNDECLARED_SELECTOR = YES;
				GCC_WARN_UNINITIALIZED_AUTOS = YES_AGGRESSIVE;
				GCC_WARN_UNUSED_FUNCTION = YES;
				GCC_WARN_UNUSED_VARIABLE = YES;
				IPHONEOS_DEPLOYMENT_TARGET = 17.6;
				MTL_ENABLE_DEBUG_INFO = NO;
				SDKROOT = iphoneos;
				SWIFT_COMPILATION_MODE = wholemodule;
				SWIFT_OPTIMIZATION_LEVEL = "-O";
				VALIDATE_PRODUCT = YES;
			};
			name = Release;
		};
		2166407E1EBADADA00746B8E /* Debug */ = {
			isa = XCBuildConfiguration;
			baseConfigurationReference = 6CDC501127B5BCC700698235 /* Development.xcconfig */;
			buildSettings = {
				ASSETCATALOG_COMPILER_APPICON_NAME = AppIcon;
				ASSETCATALOG_COMPILER_GLOBAL_ACCENT_COLOR_NAME = navigation;
				CF_BUNDLE_SHORT_VERSION_STRING = "$(CF_BUNDLE_SHORT_VERSION_STRING)";
				CLANG_ENABLE_MODULES = YES;
				CODE_SIGN_ENTITLEMENTS = PennMobile/PennMobile.entitlements;
				CODE_SIGN_IDENTITY = "Apple Development";
				"CODE_SIGN_IDENTITY[sdk=iphoneos*]" = "iPhone Developer";
				CODE_SIGN_STYLE = Manual;
				CURRENT_PROJECT_VERSION = "$(CF_BUNDLE_SHORT_VERSION_STRING)";
				DEBUG_INFORMATION_FORMAT = "dwarf-with-dsym";
				DEVELOPMENT_TEAM = "";
				"DEVELOPMENT_TEAM[sdk=iphoneos*]" = VU59R57FGM;
				EXCLUDED_ARCHS = "";
				GCC_PREFIX_HEADER = "";
				INFOPLIST_FILE = PennMobile/Supporting_Files/Info.plist;
				IPHONEOS_DEPLOYMENT_TARGET = 17.0;
				LD_RUNPATH_SEARCH_PATHS = (
					"$(inherited)",
					"@executable_path/Frameworks",
				);
				MARKETING_VERSION = "$(CF_BUNDLE_SHORT_VERSION_STRING)";
				OTHER_LDFLAGS = (
					"-ObjC",
					"$(inherited)",
				);
				PRODUCT_BUNDLE_IDENTIFIER = "$(APP_BUNDLE_ID)";
				PRODUCT_NAME = "$(TARGET_NAME)";
				PROVISIONING_PROFILE = "";
				PROVISIONING_PROFILE_SPECIFIER = "";
				"PROVISIONING_PROFILE_SPECIFIER[sdk=iphoneos*]" = "Penn Mobile - Development";
				SDKROOT = iphoneos;
				SWIFT_OBJC_BRIDGING_HEADER = "";
				SWIFT_OPTIMIZATION_LEVEL = "-Onone";
				SWIFT_VERSION = 5.0;
				TARGETED_DEVICE_FAMILY = "1,2";
			};
			name = Debug;
		};
		2166407F1EBADADA00746B8E /* Release */ = {
			isa = XCBuildConfiguration;
			baseConfigurationReference = 6C392E3827B5BE1C0097640B /* Release.xcconfig */;
			buildSettings = {
				ASSETCATALOG_COMPILER_APPICON_NAME = AppIcon;
				ASSETCATALOG_COMPILER_GLOBAL_ACCENT_COLOR_NAME = navigation;
				CF_BUNDLE_SHORT_VERSION_STRING = "$(CF_BUNDLE_SHORT_VERSION_STRING)";
				CLANG_ENABLE_MODULES = YES;
				CODE_SIGN_ENTITLEMENTS = PennMobile/PennMobile.entitlements;
				CODE_SIGN_IDENTITY = "iPhone Distribution";
				CODE_SIGN_STYLE = Manual;
				CURRENT_PROJECT_VERSION = "$(CF_BUNDLE_SHORT_VERSION_STRING)";
				DEVELOPMENT_TEAM = VU59R57FGM;
				"DEVELOPMENT_TEAM[sdk=iphoneos*]" = VU59R57FGM;
				EXCLUDED_ARCHS = "";
				GCC_PREFIX_HEADER = "";
				INFOPLIST_FILE = PennMobile/Supporting_Files/Info.plist;
				IPHONEOS_DEPLOYMENT_TARGET = 17.0;
				LD_RUNPATH_SEARCH_PATHS = (
					"$(inherited)",
					"@executable_path/Frameworks",
				);
				MARKETING_VERSION = "$(CF_BUNDLE_SHORT_VERSION_STRING)";
				ONLY_ACTIVE_ARCH = NO;
				OTHER_LDFLAGS = (
					"-ObjC",
					"$(inherited)",
				);
				PRODUCT_BUNDLE_IDENTIFIER = "$(APP_BUNDLE_ID)";
				PRODUCT_NAME = "$(TARGET_NAME)";
				PROVISIONING_PROFILE = "";
				PROVISIONING_PROFILE_SPECIFIER = "Penn Mobile - Distribution";
				"PROVISIONING_PROFILE_SPECIFIER[sdk=iphoneos*]" = "Penn Mobile - Distribution";
				SDKROOT = iphoneos;
				SWIFT_OBJC_BRIDGING_HEADER = "";
				SWIFT_VERSION = 5.0;
				TARGETED_DEVICE_FAMILY = "1,2";
			};
			name = Release;
		};
		6E4D821F2AC8C91C009AB78E /* Debug */ = {
			isa = XCBuildConfiguration;
			buildSettings = {
				ASSETCATALOG_COMPILER_GENERATE_SWIFT_ASSET_SYMBOL_EXTENSIONS = YES;
				CF_BUNDLE_SHORT_VERSION_STRING = "$(CF_BUNDLE_SHORT_VERSION_STRING)";
				CLANG_CXX_LANGUAGE_STANDARD = "gnu++20";
				CLANG_ENABLE_MODULES = YES;
				CLANG_ENABLE_OBJC_WEAK = YES;
				CLANG_WARN_UNGUARDED_AVAILABILITY = YES_AGGRESSIVE;
				CODE_SIGN_IDENTITY = "";
				CODE_SIGN_STYLE = Manual;
				CURRENT_PROJECT_VERSION = "$(CF_BUNDLE_LONG_VERSION_STRING)";
				DEFINES_MODULE = YES;
				DEVELOPMENT_TEAM = "";
				DYLIB_COMPATIBILITY_VERSION = 1;
				DYLIB_CURRENT_VERSION = 1;
				DYLIB_INSTALL_NAME_BASE = "@rpath";
				ENABLE_MODULE_VERIFIER = YES;
				ENABLE_USER_SCRIPT_SANDBOXING = NO;
				GCC_C_LANGUAGE_STANDARD = gnu17;
				GENERATE_INFOPLIST_FILE = YES;
				INFOPLIST_KEY_NSHumanReadableCopyright = "Copyright © 2025 PennLabs. All rights reserved.";
				INSTALL_PATH = "$(LOCAL_LIBRARY_DIR)/Frameworks";
				IPHONEOS_DEPLOYMENT_TARGET = 17.0;
				LD_RUNPATH_SEARCH_PATHS = (
					"$(inherited)",
					"@executable_path/Frameworks",
					"@loader_path/Frameworks",
				);
				LOCALIZATION_PREFERS_STRING_CATALOGS = YES;
				MARKETING_VERSION = "$(CF_BUNDLE_SHORT_VERSION_STRING)";
				MODULE_VERIFIER_SUPPORTED_LANGUAGES = "objective-c objective-c++";
				MODULE_VERIFIER_SUPPORTED_LANGUAGE_STANDARDS = "gnu17 gnu++20";
				MTL_ENABLE_DEBUG_INFO = INCLUDE_SOURCE;
				MTL_FAST_MATH = YES;
				PRODUCT_BUNDLE_IDENTIFIER = org.PennLabs.PennMobileShared;
				PRODUCT_NAME = "$(TARGET_NAME:c99extidentifier)";
				PROVISIONING_PROFILE_SPECIFIER = "";
				SKIP_INSTALL = YES;
				SWIFT_ACTIVE_COMPILATION_CONDITIONS = "DEBUG $(inherited)";
				SWIFT_EMIT_LOC_STRINGS = YES;
				SWIFT_OPTIMIZATION_LEVEL = "-Onone";
				SWIFT_VERSION = 6.0;
				TARGETED_DEVICE_FAMILY = "1,2";
				VERSIONING_SYSTEM = "apple-generic";
				VERSION_INFO_PREFIX = "";
			};
			name = Debug;
		};
		6E4D82202AC8C91C009AB78E /* Release */ = {
			isa = XCBuildConfiguration;
			buildSettings = {
				ASSETCATALOG_COMPILER_GENERATE_SWIFT_ASSET_SYMBOL_EXTENSIONS = YES;
				CF_BUNDLE_SHORT_VERSION_STRING = "$(CF_BUNDLE_SHORT_VERSION_STRING)";
				CLANG_CXX_LANGUAGE_STANDARD = "gnu++20";
				CLANG_ENABLE_MODULES = YES;
				CLANG_ENABLE_OBJC_WEAK = YES;
				CLANG_WARN_UNGUARDED_AVAILABILITY = YES_AGGRESSIVE;
				CODE_SIGN_IDENTITY = "";
				CODE_SIGN_STYLE = Manual;
				CURRENT_PROJECT_VERSION = "$(CF_BUNDLE_LONG_VERSION_STRING)";
				DEFINES_MODULE = YES;
				DEVELOPMENT_TEAM = "";
				DYLIB_COMPATIBILITY_VERSION = 1;
				DYLIB_CURRENT_VERSION = 1;
				DYLIB_INSTALL_NAME_BASE = "@rpath";
				ENABLE_MODULE_VERIFIER = YES;
				ENABLE_USER_SCRIPT_SANDBOXING = NO;
				GCC_C_LANGUAGE_STANDARD = gnu17;
				GENERATE_INFOPLIST_FILE = YES;
				INFOPLIST_KEY_NSHumanReadableCopyright = "Copyright © 2025 PennLabs. All rights reserved.";
				INSTALL_PATH = "$(LOCAL_LIBRARY_DIR)/Frameworks";
				IPHONEOS_DEPLOYMENT_TARGET = 17.0;
				LD_RUNPATH_SEARCH_PATHS = (
					"$(inherited)",
					"@executable_path/Frameworks",
					"@loader_path/Frameworks",
				);
				LOCALIZATION_PREFERS_STRING_CATALOGS = YES;
				MARKETING_VERSION = "$(CF_BUNDLE_SHORT_VERSION_STRING)";
				MODULE_VERIFIER_SUPPORTED_LANGUAGES = "objective-c objective-c++";
				MODULE_VERIFIER_SUPPORTED_LANGUAGE_STANDARDS = "gnu17 gnu++20";
				MTL_FAST_MATH = YES;
				PRODUCT_BUNDLE_IDENTIFIER = org.PennLabs.PennMobileShared;
				PRODUCT_NAME = "$(TARGET_NAME:c99extidentifier)";
				PROVISIONING_PROFILE_SPECIFIER = "";
				SKIP_INSTALL = YES;
				SWIFT_EMIT_LOC_STRINGS = YES;
				SWIFT_VERSION = 6.0;
				TARGETED_DEVICE_FAMILY = "1,2";
				VERSIONING_SYSTEM = "apple-generic";
				VERSION_INFO_PREFIX = "";
			};
			name = Release;
		};
		8932694528FC75A6003D4BF9 /* Debug */ = {
			isa = XCBuildConfiguration;
			baseConfigurationReference = 6CDC501127B5BCC700698235 /* Development.xcconfig */;
			buildSettings = {
				ASSETCATALOG_COMPILER_GLOBAL_ACCENT_COLOR_NAME = navigation;
				ASSETCATALOG_COMPILER_WIDGET_BACKGROUND_COLOR_NAME = WidgetBackground;
				CF_BUNDLE_SHORT_VERSION_STRING = "$(CF_BUNDLE_SHORT_VERSION_STRING)";
				CLANG_CXX_LANGUAGE_STANDARD = "gnu++20";
				CLANG_ENABLE_OBJC_WEAK = YES;
				CLANG_WARN_UNGUARDED_AVAILABILITY = YES_AGGRESSIVE;
				CODE_SIGN_ENTITLEMENTS = Widget/WidgetExtension.entitlements;
				CODE_SIGN_IDENTITY = "Apple Development";
				"CODE_SIGN_IDENTITY[sdk=iphoneos*]" = "iPhone Developer";
				CODE_SIGN_STYLE = Manual;
				CURRENT_PROJECT_VERSION = "$(CF_BUNDLE_SHORT_VERSION_STRING)";
				DEVELOPMENT_TEAM = "";
				"DEVELOPMENT_TEAM[sdk=iphoneos*]" = VU59R57FGM;
				GCC_C_LANGUAGE_STANDARD = gnu11;
				GENERATE_INFOPLIST_FILE = YES;
				INFOPLIST_FILE = Widget/Info.plist;
				INFOPLIST_KEY_CFBundleDisplayName = Widget;
				INFOPLIST_KEY_NSHumanReadableCopyright = "Copyright © 2025 PennLabs. All rights reserved.";
				INTENTS_CODEGEN_LANGUAGE = Automatic;
				IPHONEOS_DEPLOYMENT_TARGET = 17.0;
				LD_RUNPATH_SEARCH_PATHS = (
					"$(inherited)",
					"@executable_path/Frameworks",
					"@executable_path/../../Frameworks",
				);
				MARKETING_VERSION = "$(CF_BUNDLE_SHORT_VERSION_STRING)";
				MTL_ENABLE_DEBUG_INFO = INCLUDE_SOURCE;
				MTL_FAST_MATH = YES;
				PRODUCT_BUNDLE_IDENTIFIER = "$(APP_BUNDLE_ID).Widget";
				PRODUCT_NAME = "$(TARGET_NAME)";
				PROVISIONING_PROFILE_SPECIFIER = "";
				"PROVISIONING_PROFILE_SPECIFIER[sdk=iphoneos*]" = "Penn Mobile Widget - Development";
				SKIP_INSTALL = YES;
				SWIFT_EMIT_LOC_STRINGS = YES;
				SWIFT_VERSION = 5.0;
				TARGETED_DEVICE_FAMILY = "1,2";
			};
			name = Debug;
		};
		8932694628FC75A6003D4BF9 /* Release */ = {
			isa = XCBuildConfiguration;
			baseConfigurationReference = 6C392E3827B5BE1C0097640B /* Release.xcconfig */;
			buildSettings = {
				ASSETCATALOG_COMPILER_GLOBAL_ACCENT_COLOR_NAME = navigation;
				ASSETCATALOG_COMPILER_WIDGET_BACKGROUND_COLOR_NAME = WidgetBackground;
				CF_BUNDLE_SHORT_VERSION_STRING = "$(CF_BUNDLE_SHORT_VERSION_STRING)";
				CLANG_CXX_LANGUAGE_STANDARD = "gnu++20";
				CLANG_ENABLE_OBJC_WEAK = YES;
				CLANG_WARN_UNGUARDED_AVAILABILITY = YES_AGGRESSIVE;
				CODE_SIGN_ENTITLEMENTS = Widget/WidgetExtension.entitlements;
				CODE_SIGN_IDENTITY = "iPhone Distribution";
				CODE_SIGN_STYLE = Manual;
				CURRENT_PROJECT_VERSION = "$(CF_BUNDLE_SHORT_VERSION_STRING)";
				DEVELOPMENT_TEAM = "";
				"DEVELOPMENT_TEAM[sdk=iphoneos*]" = VU59R57FGM;
				GCC_C_LANGUAGE_STANDARD = gnu11;
				GENERATE_INFOPLIST_FILE = YES;
				INFOPLIST_FILE = Widget/Info.plist;
				INFOPLIST_KEY_CFBundleDisplayName = Widget;
				INFOPLIST_KEY_NSHumanReadableCopyright = "Copyright © 2025 PennLabs. All rights reserved.";
				INTENTS_CODEGEN_LANGUAGE = Automatic;
				IPHONEOS_DEPLOYMENT_TARGET = 17.0;
				LD_RUNPATH_SEARCH_PATHS = (
					"$(inherited)",
					"@executable_path/Frameworks",
					"@executable_path/../../Frameworks",
				);
				MARKETING_VERSION = "$(CF_BUNDLE_SHORT_VERSION_STRING)";
				MTL_FAST_MATH = YES;
				PRODUCT_BUNDLE_IDENTIFIER = "$(APP_BUNDLE_ID).Widget";
				PRODUCT_NAME = "$(TARGET_NAME)";
				PROVISIONING_PROFILE_SPECIFIER = "";
				"PROVISIONING_PROFILE_SPECIFIER[sdk=iphoneos*]" = "Penn Mobile Widget - Distribution";
				SKIP_INSTALL = YES;
				SWIFT_EMIT_LOC_STRINGS = YES;
				SWIFT_VERSION = 5.0;
				TARGETED_DEVICE_FAMILY = "1,2";
			};
			name = Release;
		};
/* End XCBuildConfiguration section */

/* Begin XCConfigurationList section */
		2166405B1EBADADA00746B8E /* Build configuration list for PBXProject "PennMobile" */ = {
			isa = XCConfigurationList;
			buildConfigurations = (
				2166407B1EBADADA00746B8E /* Debug */,
				2166407C1EBADADA00746B8E /* Release */,
			);
			defaultConfigurationIsVisible = 0;
			defaultConfigurationName = Release;
		};
		2166407D1EBADADA00746B8E /* Build configuration list for PBXNativeTarget "PennMobile" */ = {
			isa = XCConfigurationList;
			buildConfigurations = (
				2166407E1EBADADA00746B8E /* Debug */,
				2166407F1EBADADA00746B8E /* Release */,
			);
			defaultConfigurationIsVisible = 0;
			defaultConfigurationName = Release;
		};
		6E4D82212AC8C91C009AB78E /* Build configuration list for PBXNativeTarget "PennMobileShared" */ = {
			isa = XCConfigurationList;
			buildConfigurations = (
				6E4D821F2AC8C91C009AB78E /* Debug */,
				6E4D82202AC8C91C009AB78E /* Release */,
			);
			defaultConfigurationIsVisible = 0;
			defaultConfigurationName = Release;
		};
		8932694728FC75A6003D4BF9 /* Build configuration list for PBXNativeTarget "WidgetExtension" */ = {
			isa = XCConfigurationList;
			buildConfigurations = (
				8932694528FC75A6003D4BF9 /* Debug */,
				8932694628FC75A6003D4BF9 /* Release */,
			);
			defaultConfigurationIsVisible = 0;
			defaultConfigurationName = Release;
		};
/* End XCConfigurationList section */

/* Begin XCRemoteSwiftPackageReference section */
		6C4CC1F826E6B1720000B4A8 /* XCRemoteSwiftPackageReference "SwiftyJSON" */ = {
			isa = XCRemoteSwiftPackageReference;
			repositoryURL = "https://github.com/SwiftyJSON/SwiftyJSON.git";
			requirement = {
				kind = upToNextMajorVersion;
				minimumVersion = 5.0.1;
			};
		};
		6CE12F8E26E82DC600284D9F /* XCRemoteSwiftPackageReference "firebase-ios-sdk" */ = {
			isa = XCRemoteSwiftPackageReference;
			repositoryURL = "https://github.com/firebase/firebase-ios-sdk.git";
			requirement = {
				kind = upToNextMajorVersion;
				minimumVersion = 10.0.0;
			};
		};
		732CE8CD2EB56ED7004903F2 /* XCRemoteSwiftPackageReference "labs-platform-swift" */ = {
			isa = XCRemoteSwiftPackageReference;
			repositoryURL = "https://github.com/pennlabs/labs-platform-swift";
			requirement = {
				kind = revision;
				revision = d423a91746ddc5e05c0ebc210767450da576525e;
			};
		};
		734BED992D9DE4B700964811 /* XCRemoteSwiftPackageReference "PennForms" */ = {
			isa = XCRemoteSwiftPackageReference;
			repositoryURL = "https://github.com/pennlabs/PennForms";
			requirement = {
				branch = main;
				kind = branch;
			};
		};
		73E7A02A2CF158F3007BC1E3 /* XCRemoteSwiftPackageReference "lottie-ios" */ = {
			isa = XCRemoteSwiftPackageReference;
			repositoryURL = "https://github.com/airbnb/lottie-ios.git";
			requirement = {
				kind = upToNextMajorVersion;
				minimumVersion = 4.5.0;
			};
		};
		895A1AB32CB98E9000E161AE /* XCRemoteSwiftPackageReference "XLPagerTabStrip" */ = {
			isa = XCRemoteSwiftPackageReference;
			repositoryURL = "https://github.com/xmartlabs/XLPagerTabStrip";
			requirement = {
				kind = upToNextMajorVersion;
				minimumVersion = 9.1.0;
			};
		};
		895A1AB62CB98F5000E161AE /* XCRemoteSwiftPackageReference "ScrollableGraphView" */ = {
			isa = XCRemoteSwiftPackageReference;
			repositoryURL = "https://github.com/GZaccaroni/ScrollableGraphView";
			requirement = {
				kind = upToNextMajorVersion;
				minimumVersion = 4.1.3;
			};
		};
		895A1AB92CB98F7100E161AE /* XCRemoteSwiftPackageReference "SCLAlertView-Swift" */ = {
			isa = XCRemoteSwiftPackageReference;
			repositoryURL = "https://github.com/vikmeup/SCLAlertView-Swift";
			requirement = {
				kind = upToNextMajorVersion;
				minimumVersion = 0.8.2;
			};
		};
		F213CCE023C3EE3E000AD90F /* XCRemoteSwiftPackageReference "SwiftSoup" */ = {
			isa = XCRemoteSwiftPackageReference;
			repositoryURL = "https://github.com/scinfu/SwiftSoup";
			requirement = {
				kind = upToNextMajorVersion;
				minimumVersion = 2.3.0;
			};
		};
		F213CCE323C3F240000AD90F /* XCRemoteSwiftPackageReference "Kingfisher" */ = {
			isa = XCRemoteSwiftPackageReference;
			repositoryURL = "https://github.com/onevcat/Kingfisher";
			requirement = {
				kind = upToNextMajorVersion;
				minimumVersion = 7.0.0;
			};
		};
		F2568A742413534F00561295 /* XCRemoteSwiftPackageReference "SnapKit" */ = {
			isa = XCRemoteSwiftPackageReference;
			repositoryURL = "https://github.com/SnapKit/SnapKit";
			requirement = {
				kind = upToNextMajorVersion;
				minimumVersion = 5.0.1;
			};
		};
/* End XCRemoteSwiftPackageReference section */

/* Begin XCSwiftPackageProductDependency section */
		6C4CC1F926E6B1720000B4A8 /* SwiftyJSON */ = {
			isa = XCSwiftPackageProductDependency;
			package = 6C4CC1F826E6B1720000B4A8 /* XCRemoteSwiftPackageReference "SwiftyJSON" */;
			productName = SwiftyJSON;
		};
		6CA1ACDA271D2D5000EDB967 /* Kingfisher */ = {
			isa = XCSwiftPackageProductDependency;
			package = F213CCE323C3F240000AD90F /* XCRemoteSwiftPackageReference "Kingfisher" */;
			productName = Kingfisher;
		};
		6CE12F8F26E82DC600284D9F /* FirebaseAnalytics */ = {
			isa = XCSwiftPackageProductDependency;
			package = 6CE12F8E26E82DC600284D9F /* XCRemoteSwiftPackageReference "firebase-ios-sdk" */;
			productName = FirebaseAnalytics;
		};
		6CE12F9126E82DC600284D9F /* FirebaseCrashlytics */ = {
			isa = XCSwiftPackageProductDependency;
			package = 6CE12F8E26E82DC600284D9F /* XCRemoteSwiftPackageReference "firebase-ios-sdk" */;
			productName = FirebaseCrashlytics;
		};
		6E167A1B2ACC90A700F3709C /* Kingfisher */ = {
			isa = XCSwiftPackageProductDependency;
			package = F213CCE323C3F240000AD90F /* XCRemoteSwiftPackageReference "Kingfisher" */;
			productName = Kingfisher;
		};
		6E5159F82AC8D88A004B3F41 /* SwiftyJSON */ = {
			isa = XCSwiftPackageProductDependency;
			package = 6C4CC1F826E6B1720000B4A8 /* XCRemoteSwiftPackageReference "SwiftyJSON" */;
			productName = SwiftyJSON;
		};
		6ECB4C2C2ACA6F7600F7379A /* Kingfisher */ = {
			isa = XCSwiftPackageProductDependency;
			package = F213CCE323C3F240000AD90F /* XCRemoteSwiftPackageReference "Kingfisher" */;
			productName = Kingfisher;
		};
		732CE8CE2EB56ED7004903F2 /* LabsPlatformSwift */ = {
			isa = XCSwiftPackageProductDependency;
			package = 732CE8CD2EB56ED7004903F2 /* XCRemoteSwiftPackageReference "labs-platform-swift" */;
			productName = LabsPlatformSwift;
		};
		734BED9A2D9DE4B700964811 /* PennForms */ = {
			isa = XCSwiftPackageProductDependency;
			package = 734BED992D9DE4B700964811 /* XCRemoteSwiftPackageReference "PennForms" */;
			productName = PennForms;
		};
		73E7A02B2CF158F3007BC1E3 /* Lottie */ = {
			isa = XCSwiftPackageProductDependency;
			package = 73E7A02A2CF158F3007BC1E3 /* XCRemoteSwiftPackageReference "lottie-ios" */;
			productName = Lottie;
		};
		8932694C28FC79FB003D4BF9 /* SwiftyJSON */ = {
			isa = XCSwiftPackageProductDependency;
			package = 6C4CC1F826E6B1720000B4A8 /* XCRemoteSwiftPackageReference "SwiftyJSON" */;
			productName = SwiftyJSON;
		};
		895A1AB42CB98E9000E161AE /* XLPagerTabStrip */ = {
			isa = XCSwiftPackageProductDependency;
			package = 895A1AB32CB98E9000E161AE /* XCRemoteSwiftPackageReference "XLPagerTabStrip" */;
			productName = XLPagerTabStrip;
		};
		895A1AB72CB98F5000E161AE /* ScrollableGraphView */ = {
			isa = XCSwiftPackageProductDependency;
			package = 895A1AB62CB98F5000E161AE /* XCRemoteSwiftPackageReference "ScrollableGraphView" */;
			productName = ScrollableGraphView;
		};
		895A1ABA2CB98F7100E161AE /* SCLAlertView */ = {
			isa = XCSwiftPackageProductDependency;
			package = 895A1AB92CB98F7100E161AE /* XCRemoteSwiftPackageReference "SCLAlertView-Swift" */;
			productName = SCLAlertView;
		};
		F213CCE123C3EE3E000AD90F /* SwiftSoup */ = {
			isa = XCSwiftPackageProductDependency;
			package = F213CCE023C3EE3E000AD90F /* XCRemoteSwiftPackageReference "SwiftSoup" */;
			productName = SwiftSoup;
		};
		F2568A752413534F00561295 /* SnapKit */ = {
			isa = XCSwiftPackageProductDependency;
			package = F2568A742413534F00561295 /* XCRemoteSwiftPackageReference "SnapKit" */;
			productName = SnapKit;
		};
/* End XCSwiftPackageProductDependency section */
	};
	rootObject = 216640581EBADADA00746B8E /* Project object */;
}
